<Solution>
  <Folder Name="/src/">
    <Project Path="src/COPSBootstrapper.App/COPSBootstrapper.App.csproj" />
    <Project Path="src/COPSBootstrapper.Core/COPSBootstrapper.Core.csproj" />
    <Project Path="src/COPSBootstrapper.Driver/COPSBootstrapper.Driver.csproj" />
    <Project Path="src/COPSBootstrapper.Elevated/COPSBootstrapper.Elevated.csproj" />
    <Project Path="src/COPSBootstrapper.Monitoring/COPSBootstrapper.Monitoring.csproj" />
    <Project Path="src/COPSBootstrapper.Platform.Windows/COPSBootstrapper.Platform.Windows.csproj" />
  </Folder>
  <Folder Name="/tests/">
    <Project Path="tests/COPSBootstrapper.Tests/COPSBootstrapper.Tests.csproj" />
  </Folder>
  <Folder Name="/tools/">
    <Project Path="tools/COPSBootstrapper.LiveCheck/COPSBootstrapper.LiveCheck.csproj" />
  </Folder>
</Solution>
