<Solution>
  <Folder Name="/src/">
    <Project Path="src/Optima.App/Optima.App.csproj" />
    <Project Path="src/Optima.Core/Optima.Core.csproj" />
    <Project Path="src/Optima.Driver/Optima.Driver.csproj" />
    <Project Path="src/Optima.Elevated/Optima.Elevated.csproj" />
    <Project Path="src/Optima.Monitoring/Optima.Monitoring.csproj" />
    <Project Path="src/Optima.Platform.Windows/Optima.Platform.Windows.csproj" />
  </Folder>
  <Folder Name="/tests/">
    <Project Path="tests/Optima.Tests/Optima.Tests.csproj" />
  </Folder>
  <Folder Name="/tools/">
    <Project Path="tools/Optima.LiveCheck/Optima.LiveCheck.csproj" />
  </Folder>
</Solution>
